Microsoft Visual Studio Solution File, Format Version 12.00
# Visual Studio Version 16
VisualStudioVersion = 16.0.29613.14
MinimumVisualStudioVersion = 10.0.40219.1
Project("{FAE04EC0-301F-11D3-BF4B-00C04F79EFBC}") = "Serilog.Sinks.SQLite.NetPCL", "src\Serilog.Sinks.SQLite.Net-PCL\Serilog.Sinks.SQLite.NetPCL.csproj", "{AD33D2A2-B8CA-4C5B-A36D-AA2E5DD43332}"
EndProject
Project("{FAE04EC0-301F-11D3-BF4B-00C04F79EFBC}") = "Serilog.Sink.SQLite.NeatPcl.Tests", "src\Serilog.Sink.SQLite.NeatPcl.Tests\Serilog.Sink.SQLite.NeatPcl.Tests.csproj", "{A0AE8F21-CFE7-4BEB-BF63-0B6646B4D45E}"
EndProject
Global
	GlobalSection(SolutionConfigurationPlatforms) = preSolution
		Debug|Any CPU = Debug|Any CPU
		Release|Any CPU = Release|Any CPU
	EndGlobalSection
	GlobalSection(ProjectConfigurationPlatforms) = postSolution
		{AD33D2A2-B8CA-4C5B-A36D-AA2E5DD43332}.Debug|Any CPU.ActiveCfg = Debug|Any CPU
		{AD33D2A2-B8CA-4C5B-A36D-AA2E5DD43332}.Debug|Any CPU.Build.0 = Debug|Any CPU
		{AD33D2A2-B8CA-4C5B-A36D-AA2E5DD43332}.Release|Any CPU.ActiveCfg = Release|Any CPU
		{AD33D2A2-B8CA-4C5B-A36D-AA2E5DD43332}.Release|Any CPU.Build.0 = Release|Any CPU
		{A0AE8F21-CFE7-4BEB-BF63-0B6646B4D45E}.Debug|Any CPU.ActiveCfg = Debug|Any CPU
		{A0AE8F21-CFE7-4BEB-BF63-0B6646B4D45E}.Debug|Any CPU.Build.0 = Debug|Any CPU
		{A0AE8F21-CFE7-4BEB-BF63-0B6646B4D45E}.Release|Any CPU.ActiveCfg = Release|Any CPU
		{A0AE8F21-CFE7-4BEB-BF63-0B6646B4D45E}.Release|Any CPU.Build.0 = Release|Any CPU
	EndGlobalSection
	GlobalSection(SolutionProperties) = preSolution
		HideSolutionNode = FALSE
	EndGlobalSection
	GlobalSection(ExtensibilityGlobals) = postSolution
		SolutionGuid = {E182575F-820B-4B7D-B66C-A6C5F1869863}
	EndGlobalSection
EndGlobal
